Microsoft Visual Studio Solution File, Format Version 11.00
# Visual Studio 2010
Project("{FAE04EC0-301F-11D3-BF4B-00C04F79EFBC}") = "Assembly-CSharp", "Assembly-CSharp.csproj", "{21E74DD5-C211-F6B0-21C8-447FD54AE19D}"
EndProject
Project("{FAE04EC0-301F-11D3-BF4B-00C04F79EFBC}") = "Assembly-CSharp-Editor-firstpass", "Assembly-CSharp-Editor-firstpass.csproj", "{0910FB16-9792-CBC8-016E-3A4B855CD735}"
EndProject
Project("{FAE04EC0-301F-11D3-BF4B-00C04F79EFBC}") = "Assembly-CSharp-Editor", "Assembly-CSharp-Editor.csproj", "{AB36BEA3-67A3-FF9D-C2A0-BB601D53732B}"
EndProject
Global
	GlobalSection(SolutionConfigurationPlatforms) = preSolution
		Debug|Any CPU = Debug|Any CPU
		Release|Any CPU = Release|Any CPU
	EndGlobalSection
	GlobalSection(ProjectConfigurationPlatforms) = postSolution
		{21E74DD5-C211-F6B0-21C8-447FD54AE19D}.Debug|Any CPU.ActiveCfg = Debug|Any CPU
		{21E74DD5-C211-F6B0-21C8-447FD54AE19D}.Debug|Any CPU.Build.0 = Debug|Any CPU
		{21E74DD5-C211-F6B0-21C8-447FD54AE19D}.Release|Any CPU.ActiveCfg = Release|Any CPU
		{21E74DD5-C211-F6B0-21C8-447FD54AE19D}.Release|Any CPU.Build.0 = Release|Any CPU
		{0910FB16-9792-CBC8-016E-3A4B855CD735}.Debug|Any CPU.ActiveCfg = Debug|Any CPU
		{0910FB16-9792-CBC8-016E-3A4B855CD735}.Debug|Any CPU.Build.0 = Debug|Any CPU
		{0910FB16-9792-CBC8-016E-3A4B855CD735}.Release|Any CPU.ActiveCfg = Release|Any CPU
		{0910FB16-9792-CBC8-016E-3A4B855CD735}.Release|Any CPU.Build.0 = Release|Any CPU
		{AB36BEA3-67A3-FF9D-C2A0-BB601D53732B}.Debug|Any CPU.ActiveCfg = Debug|Any CPU
		{AB36BEA3-67A3-FF9D-C2A0-BB601D53732B}.Debug|Any CPU.Build.0 = Debug|Any CPU
		{AB36BEA3-67A3-FF9D-C2A0-BB601D53732B}.Release|Any CPU.ActiveCfg = Release|Any CPU
		{AB36BEA3-67A3-FF9D-C2A0-BB601D53732B}.Release|Any CPU.Build.0 = Release|Any CPU
	EndGlobalSection
	GlobalSection(SolutionProperties) = preSolution
		HideSolutionNode = FALSE
	EndGlobalSection
	GlobalSection(MonoDevelopProperties) = preSolution
		StartupItem = Assembly-CSharp.csproj
	EndGlobalSection
EndGlobal
